
Microsoft Visual Studio Solution File, Format Version 12.00
# Visual Studio Version 17
VisualStudioVersion = 17.13.35913.81
MinimumVisualStudioVersion = 10.0.40219.1
Project("{2150E333-8FDC-42A3-9474-1A3956D46DE8}") = "Capa de Datos", "Capa de Datos", "{02EA681E-C7D8-13C7-8484-4AC65E1B71E8}"
EndProject
Project("{FAE04EC0-301F-11D3-BF4B-00C04F79EFBC}") = "CapaDatos", "CapaDatos\CapaDatos.csproj", "{01003059-08EF-4B57-9326-3CE14FC3D9DD}"
EndProject
Project("{2150E333-8FDC-42A3-9474-1A3956D46DE8}") = "Capa de Negocios", "Capa de Negocios", "{369CB01D-A1A7-72D2-AABC-3F0945D148A2}"
EndProject
Project("{2150E333-8FDC-42A3-9474-1A3956D46DE8}") = "ConsultaApi", "ConsultaApi", "{4C24F2C6-CB01-4AE9-82E3-D7E8EB830616}"
EndProject
Project("{FAE04EC0-301F-11D3-BF4B-00C04F79EFBC}") = "ApiRest", "ApiRest\ApiRest.csproj", "{C88C504F-D520-4836-B226-42DA13E3DDCE}"
	ProjectSection(ProjectDependencies) = postProject
		{01003059-08EF-4B57-9326-3CE14FC3D9DD} = {01003059-08EF-4B57-9326-3CE14FC3D9DD}
	EndProjectSection
EndProject
Project("{FAE04EC0-301F-11D3-BF4B-00C04F79EFBC}") = "CapaNegocio", "CapaNegocio\CapaNegocio.csproj", "{548823F6-3AF5-408A-A882-32231A01AF44}"
EndProject
Project("{FAE04EC0-301F-11D3-BF4B-00C04F79EFBC}") = "CapaPresentacion1", "CapaPresentacion1\CapaPresentacion1.csproj", "{B2C72D08-8627-498D-BF5D-678F8087387B}"
EndProject
Project("{2150E333-8FDC-42A3-9474-1A3956D46DE8}") = "CapaPresentacion", "CapaPresentacion", "{75AAFE54-2C57-40D7-BB4D-835C4854F369}"
EndProject
Project("{FAE04EC0-301F-11D3-BF4B-00C04F79EFBC}") = "Grafico", "Forns_Descripcion\Grafico.csproj", "{04F2E6CE-6C3D-4A43-A68C-9748171519DD}"
EndProject
Project("{FAE04EC0-301F-11D3-BF4B-00C04F79EFBC}") = "ClassGrafic", "ClassGrafic\ClassGrafic.csproj", "{797A24F7-D030-4912-8463-E7226A06A578}"
EndProject
Project("{FAE04EC0-301F-11D3-BF4B-00C04F79EFBC}") = "CapaGrafic", "CapaGrafic\CapaGrafic.csproj", "{42002287-12F9-497E-B906-E5C2C076188E}"
EndProject
Project("{FAE04EC0-301F-11D3-BF4B-00C04F79EFBC}") = "NegocioGrafic", "NegocioGrafic\NegocioGrafic.csproj", "{25B6EFAC-5ECB-4447-AB49-AAE9F0902AD2}"
EndProject
Project("{FAE04EC0-301F-11D3-BF4B-00C04F79EFBC}") = "Menu", "Menu\Menu.csproj", "{E85C4854-38BB-4A93-A025-DCD8B47551B2}"
EndProject
Project("{FAE04EC0-301F-11D3-BF4B-00C04F79EFBC}") = "InterfazGrafic", "InterfazGrafic\InterfazGrafic.csproj", "{92D4F49E-12E5-4D28-86B4-A31A9EEC100F}"
EndProject
Project("{FAE04EC0-301F-11D3-BF4B-00C04F79EFBC}") = "DatoDescripcion", "DatoDescripcion\DatoDescripcion.csproj", "{5ED89971-7183-4524-AC0B-FAFEED9838EB}"
EndProject
Project("{FAE04EC0-301F-11D3-BF4B-00C04F79EFBC}") = "ClassDescripcion", "ClassDescripcion\ClassDescripcion.csproj", "{4A49E043-FA7C-4E59-8859-9B69E48EEA81}"
EndProject
Project("{FAE04EC0-301F-11D3-BF4B-00C04F79EFBC}") = "NegocioDescripcion", "NegocioDescripcion\NegocioDescripcion.csproj", "{D9177775-ED45-4F2A-A10A-2B27B6BF3366}"
EndProject
Project("{FAE04EC0-301F-11D3-BF4B-00C04F79EFBC}") = "InterfazDescripcion", "InterfazDescripcion\InterfazDescripcion.csproj", "{E39F65B6-5E95-4587-8027-6083AB8587CF}"
EndProject
Project("{FAE04EC0-301F-11D3-BF4B-00C04F79EFBC}") = "Descripcion", "Presentacion_Descripcion\Descripcion.csproj", "{56F1B446-D7BA-429D-B585-7BD2E230633A}"
EndProject
Project("{FAE04EC0-301F-11D3-BF4B-00C04F79EFBC}") = "frmAyuda", "frmAyuda\frmAyuda.csproj", "{7D7EE5A6-6431-4F09-8AA9-8E2AAE8F0025}"
EndProject
Global
	GlobalSection(SolutionConfigurationPlatforms) = preSolution
		Debug|Any CPU = Debug|Any CPU
		Release|Any CPU = Release|Any CPU
	EndGlobalSection
	GlobalSection(ProjectConfigurationPlatforms) = postSolution
		{01003059-08EF-4B57-9326-3CE14FC3D9DD}.Debug|Any CPU.ActiveCfg = Debug|Any CPU
		{01003059-08EF-4B57-9326-3CE14FC3D9DD}.Debug|Any CPU.Build.0 = Debug|Any CPU
		{01003059-08EF-4B57-9326-3CE14FC3D9DD}.Release|Any CPU.ActiveCfg = Release|Any CPU
		{01003059-08EF-4B57-9326-3CE14FC3D9DD}.Release|Any CPU.Build.0 = Release|Any CPU
		{C88C504F-D520-4836-B226-42DA13E3DDCE}.Debug|Any CPU.ActiveCfg = Debug|Any CPU
		{C88C504F-D520-4836-B226-42DA13E3DDCE}.Debug|Any CPU.Build.0 = Debug|Any CPU
		{C88C504F-D520-4836-B226-42DA13E3DDCE}.Release|Any CPU.ActiveCfg = Release|Any CPU
		{C88C504F-D520-4836-B226-42DA13E3DDCE}.Release|Any CPU.Build.0 = Release|Any CPU
		{548823F6-3AF5-408A-A882-32231A01AF44}.Debug|Any CPU.ActiveCfg = Debug|Any CPU
		{548823F6-3AF5-408A-A882-32231A01AF44}.Debug|Any CPU.Build.0 = Debug|Any CPU
		{548823F6-3AF5-408A-A882-32231A01AF44}.Release|Any CPU.ActiveCfg = Release|Any CPU
		{548823F6-3AF5-408A-A882-32231A01AF44}.Release|Any CPU.Build.0 = Release|Any CPU
		{B2C72D08-8627-498D-BF5D-678F8087387B}.Debug|Any CPU.ActiveCfg = Debug|Any CPU
		{B2C72D08-8627-498D-BF5D-678F8087387B}.Debug|Any CPU.Build.0 = Debug|Any CPU
		{B2C72D08-8627-498D-BF5D-678F8087387B}.Release|Any CPU.ActiveCfg = Release|Any CPU
		{B2C72D08-8627-498D-BF5D-678F8087387B}.Release|Any CPU.Build.0 = Release|Any CPU
		{04F2E6CE-6C3D-4A43-A68C-9748171519DD}.Debug|Any CPU.ActiveCfg = Debug|Any CPU
		{04F2E6CE-6C3D-4A43-A68C-9748171519DD}.Debug|Any CPU.Build.0 = Debug|Any CPU
		{04F2E6CE-6C3D-4A43-A68C-9748171519DD}.Release|Any CPU.ActiveCfg = Release|Any CPU
		{04F2E6CE-6C3D-4A43-A68C-9748171519DD}.Release|Any CPU.Build.0 = Release|Any CPU
		{797A24F7-D030-4912-8463-E7226A06A578}.Debug|Any CPU.ActiveCfg = Debug|Any CPU
		{797A24F7-D030-4912-8463-E7226A06A578}.Debug|Any CPU.Build.0 = Debug|Any CPU
		{797A24F7-D030-4912-8463-E7226A06A578}.Release|Any CPU.ActiveCfg = Release|Any CPU
		{797A24F7-D030-4912-8463-E7226A06A578}.Release|Any CPU.Build.0 = Release|Any CPU
		{42002287-12F9-497E-B906-E5C2C076188E}.Debug|Any CPU.ActiveCfg = Debug|Any CPU
		{42002287-12F9-497E-B906-E5C2C076188E}.Debug|Any CPU.Build.0 = Debug|Any CPU
		{42002287-12F9-497E-B906-E5C2C076188E}.Release|Any CPU.ActiveCfg = Release|Any CPU
		{42002287-12F9-497E-B906-E5C2C076188E}.Release|Any CPU.Build.0 = Release|Any CPU
		{25B6EFAC-5ECB-4447-AB49-AAE9F0902AD2}.Debug|Any CPU.ActiveCfg = Debug|Any CPU
		{25B6EFAC-5ECB-4447-AB49-AAE9F0902AD2}.Debug|Any CPU.Build.0 = Debug|Any CPU
		{25B6EFAC-5ECB-4447-AB49-AAE9F0902AD2}.Release|Any CPU.ActiveCfg = Release|Any CPU
		{25B6EFAC-5ECB-4447-AB49-AAE9F0902AD2}.Release|Any CPU.Build.0 = Release|Any CPU
		{E85C4854-38BB-4A93-A025-DCD8B47551B2}.Debug|Any CPU.ActiveCfg = Debug|Any CPU
		{E85C4854-38BB-4A93-A025-DCD8B47551B2}.Debug|Any CPU.Build.0 = Debug|Any CPU
		{E85C4854-38BB-4A93-A025-DCD8B47551B2}.Release|Any CPU.ActiveCfg = Release|Any CPU
		{E85C4854-38BB-4A93-A025-DCD8B47551B2}.Release|Any CPU.Build.0 = Release|Any CPU
		{92D4F49E-12E5-4D28-86B4-A31A9EEC100F}.Debug|Any CPU.ActiveCfg = Debug|Any CPU
		{92D4F49E-12E5-4D28-86B4-A31A9EEC100F}.Debug|Any CPU.Build.0 = Debug|Any CPU
		{92D4F49E-12E5-4D28-86B4-A31A9EEC100F}.Release|Any CPU.ActiveCfg = Release|Any CPU
		{92D4F49E-12E5-4D28-86B4-A31A9EEC100F}.Release|Any CPU.Build.0 = Release|Any CPU
		{5ED89971-7183-4524-AC0B-FAFEED9838EB}.Debug|Any CPU.ActiveCfg = Debug|Any CPU
		{5ED89971-7183-4524-AC0B-FAFEED9838EB}.Debug|Any CPU.Build.0 = Debug|Any CPU
		{5ED89971-7183-4524-AC0B-FAFEED9838EB}.Release|Any CPU.ActiveCfg = Release|Any CPU
		{5ED89971-7183-4524-AC0B-FAFEED9838EB}.Release|Any CPU.Build.0 = Release|Any CPU
		{4A49E043-FA7C-4E59-8859-9B69E48EEA81}.Debug|Any CPU.ActiveCfg = Debug|Any CPU
		{4A49E043-FA7C-4E59-8859-9B69E48EEA81}.Debug|Any CPU.Build.0 = Debug|Any CPU
		{4A49E043-FA7C-4E59-8859-9B69E48EEA81}.Release|Any CPU.ActiveCfg = Release|Any CPU
		{4A49E043-FA7C-4E59-8859-9B69E48EEA81}.Release|Any CPU.Build.0 = Release|Any CPU
		{D9177775-ED45-4F2A-A10A-2B27B6BF3366}.Debug|Any CPU.ActiveCfg = Debug|Any CPU
		{D9177775-ED45-4F2A-A10A-2B27B6BF3366}.Debug|Any CPU.Build.0 = Debug|Any CPU
		{D9177775-ED45-4F2A-A10A-2B27B6BF3366}.Release|Any CPU.ActiveCfg = Release|Any CPU
		{D9177775-ED45-4F2A-A10A-2B27B6BF3366}.Release|Any CPU.Build.0 = Release|Any CPU
		{E39F65B6-5E95-4587-8027-6083AB8587CF}.Debug|Any CPU.ActiveCfg = Debug|Any CPU
		{E39F65B6-5E95-4587-8027-6083AB8587CF}.Debug|Any CPU.Build.0 = Debug|Any CPU
		{E39F65B6-5E95-4587-8027-6083AB8587CF}.Release|Any CPU.ActiveCfg = Release|Any CPU
		{E39F65B6-5E95-4587-8027-6083AB8587CF}.Release|Any CPU.Build.0 = Release|Any CPU
		{56F1B446-D7BA-429D-B585-7BD2E230633A}.Debug|Any CPU.ActiveCfg = Debug|Any CPU
		{56F1B446-D7BA-429D-B585-7BD2E230633A}.Debug|Any CPU.Build.0 = Debug|Any CPU
		{56F1B446-D7BA-429D-B585-7BD2E230633A}.Release|Any CPU.ActiveCfg = Release|Any CPU
		{56F1B446-D7BA-429D-B585-7BD2E230633A}.Release|Any CPU.Build.0 = Release|Any CPU
		{7D7EE5A6-6431-4F09-8AA9-8E2AAE8F0025}.Debug|Any CPU.ActiveCfg = Debug|Any CPU
		{7D7EE5A6-6431-4F09-8AA9-8E2AAE8F0025}.Debug|Any CPU.Build.0 = Debug|Any CPU
		{7D7EE5A6-6431-4F09-8AA9-8E2AAE8F0025}.Release|Any CPU.ActiveCfg = Release|Any CPU
		{7D7EE5A6-6431-4F09-8AA9-8E2AAE8F0025}.Release|Any CPU.Build.0 = Release|Any CPU
	EndGlobalSection
	GlobalSection(SolutionProperties) = preSolution
		HideSolutionNode = FALSE
	EndGlobalSection
	GlobalSection(NestedProjects) = preSolution
		{01003059-08EF-4B57-9326-3CE14FC3D9DD} = {02EA681E-C7D8-13C7-8484-4AC65E1B71E8}
		{C88C504F-D520-4836-B226-42DA13E3DDCE} = {4C24F2C6-CB01-4AE9-82E3-D7E8EB830616}
		{548823F6-3AF5-408A-A882-32231A01AF44} = {369CB01D-A1A7-72D2-AABC-3F0945D148A2}
		{B2C72D08-8627-498D-BF5D-678F8087387B} = {75AAFE54-2C57-40D7-BB4D-835C4854F369}
		{04F2E6CE-6C3D-4A43-A68C-9748171519DD} = {75AAFE54-2C57-40D7-BB4D-835C4854F369}
		{797A24F7-D030-4912-8463-E7226A06A578} = {4C24F2C6-CB01-4AE9-82E3-D7E8EB830616}
		{42002287-12F9-497E-B906-E5C2C076188E} = {02EA681E-C7D8-13C7-8484-4AC65E1B71E8}
		{25B6EFAC-5ECB-4447-AB49-AAE9F0902AD2} = {369CB01D-A1A7-72D2-AABC-3F0945D148A2}
		{E85C4854-38BB-4A93-A025-DCD8B47551B2} = {75AAFE54-2C57-40D7-BB4D-835C4854F369}
		{92D4F49E-12E5-4D28-86B4-A31A9EEC100F} = {369CB01D-A1A7-72D2-AABC-3F0945D148A2}
		{5ED89971-7183-4524-AC0B-FAFEED9838EB} = {02EA681E-C7D8-13C7-8484-4AC65E1B71E8}
		{4A49E043-FA7C-4E59-8859-9B69E48EEA81} = {4C24F2C6-CB01-4AE9-82E3-D7E8EB830616}
		{D9177775-ED45-4F2A-A10A-2B27B6BF3366} = {369CB01D-A1A7-72D2-AABC-3F0945D148A2}
		{E39F65B6-5E95-4587-8027-6083AB8587CF} = {369CB01D-A1A7-72D2-AABC-3F0945D148A2}
		{56F1B446-D7BA-429D-B585-7BD2E230633A} = {75AAFE54-2C57-40D7-BB4D-835C4854F369}
		{7D7EE5A6-6431-4F09-8AA9-8E2AAE8F0025} = {75AAFE54-2C57-40D7-BB4D-835C4854F369}
	EndGlobalSection
	GlobalSection(ExtensibilityGlobals) = postSolution
		SolutionGuid = {C09EB7B1-6240-49A3-B686-04DEFA4D1836}
	EndGlobalSection
EndGlobal
